PODS:
  - Alamofire (5.4.3)
  - FloatingPanel (2.4.0)

DEPENDENCIES:
  - Alamofire
  - FloatingPanel

SPEC REPOS:
  trunk:
    - Alamofire
    - FloatingPanel

SPEC CHECKSUMS:
  Alamofire: e447a2774a40c996748296fa2c55112fdbbc42f9
  FloatingPanel: fa60183672ed86313b9e241e34465e82211260e8

PODFILE CHECKSUM: bbd045b7b8a0d34f3bd22bca0d1901ec32076ad7

COCOAPODS: 1.10.1
